// !$*UTF8*$!
{
	archiveVersion = 1;
	classes = {
	};
	objectVersion = 56;
	objects = {

/* Begin PBXBuildFile section */
		955B4F7D2BEB94F20052A275 /* CardViewApp.swift in Sources */ = {isa = PBXBuildFile; fileRef = 955B4F7C2BEB94F20052A275 /* CardViewApp.swift */; };
		955B4F7F2BEB94F20052A275 /* CardView.swift in Sources */ = {isa = PBXBuildFile; fileRef = 955B4F7E2BEB94F20052A275 /* CardView.swift */; };
		955B4F812BEB94F40052A275 /* Assets.xcassets in Resources */ = {isa = PBXBuildFile; fileRef = 955B4F802BEB94F40052A275 /* Assets.xcassets */; };
		955B4F842BEB94F40052A275 /* Preview Assets.xcassets in Resources */ = {isa = PBXBuildFile; fileRef = 955B4F832BEB94F40052A275 /* Preview Assets.xcassets */; };
		955B4F8E2BEB94F50052A275 /* CardViewTests.swift in Sources */ = {isa = PBXBuildFile; fileRef = 955B4F8D2BEB94F50052A275 /* CardViewTests.swift */; };
		955B4F982BEB94F50052A275 /* CardViewUITests.swift in Sources */ = {isa = PBXBuildFile; fileRef = 955B4F972BEB94F50052A275 /* CardViewUITests.swift */; };
		955B4F9A2BEB94F50052A275 /* CardViewUITestsLaunchTests.swift in Sources */ = {isa = PBXBuildFile; fileRef = 955B4F992BEB94F50052A275 /* CardViewUITestsLaunchTests.swift */; };
/* End PBXBuildFile section */

/* Begin PBXContainerItemProxy section */
		955B4F8A2BEB94F50052A275 /* PBXContainerItemProxy */ = {
			isa = PBXContainerItemProxy;
			containerPortal = 955B4F712BEB94F20052A275 /* Project object */;
			proxyType = 1;
			remoteGlobalIDString = 955B4F782BEB94F20052A275;
			remoteInfo = CardView;
		};
		955B4F942BEB94F50052A275 /* PBXContainerItemProxy */ = {
			isa = PBXContainerItemProxy;
			containerPortal = 955B4F712BEB94F20052A275 /* Project object */;
			proxyType = 1;
			remoteGlobalIDString = 955B4F782BEB94F20052A275;
			remoteInfo = CardView;
		};
/* End PBXContainerItemProxy section */

/* Begin PBXFileReference section */
		955B4F792BEB94F20052A275 /* CardView.app */ = {isa = PBXFileReference; explicitFileType = wrapper.application; includeInIndex = 0; path = CardView.app; sourceTree = BUILT_PRODUCTS_DIR; };
		955B4F7C2BEB94F20052A275 /* CardViewApp.swift */ = {isa = PBXFileReference; lastKnownFileType = sourcecode.swift; path = CardViewApp.swift; sourceTree = "<group>"; };
		955B4F7E2BEB94F20052A275 /* CardView.swift */ = {isa = PBXFileReference; lastKnownFileType = sourcecode.swift; path = CardView.swift; sourceTree = "<group>"; };
		955B4F802BEB94F40052A275 /* Assets.xcassets */ = {isa = PBXFileReference; lastKnownFileType = folder.assetcatalog; path = Assets.xcassets; sourceTree = "<group>"; };
		955B4F832BEB94F40052A275 /* Preview Assets.xcassets */ = {isa = PBXFileReference; lastKnownFileType = folder.assetcatalog; path = "Preview Assets.xcassets"; sourceTree = "<group>"; };
		955B4F892BEB94F50052A275 /* CardViewTests.xctest */ = {isa = PBXFileReference; explicitFileType = wrapper.cfbundle; includeInIndex = 0; path = CardViewTests.xctest; sourceTree = BUILT_PRODUCTS_DIR; };
		955B4F8D2BEB94F50052A275 /* CardViewTests.swift */ = {isa = PBXFileReference; lastKnownFileType = sourcecode.swift; path = CardViewTests.swift; sourceTree = "<group>"; };
		955B4F932BEB94F50052A275 /* CardViewUITests.xctest */ = {isa = PBXFileReference; explicitFileType = wrapper.cfbundle; includeInIndex = 0; path = CardViewUITests.xctest; sourceTree = BUILT_PRODUCTS_DIR; };
		955B4F972BEB94F50052A275 /* CardViewUITests.swift */ = {isa = PBXFileReference; lastKnownFileType = sourcecode.swift; path = CardViewUITests.swift; sourceTree = "<group>"; };
		955B4F992BEB94F50052A275 /* CardViewUITestsLaunchTests.swift */ = {isa = PBXFileReference; lastKnownFileType = sourcecode.swift; path = CardViewUITestsLaunchTests.swift; sourceTree = "<group>"; };
/* End PBXFileReference section */

/* Begin PBXFrameworksBuildPhase section */
		955B4F762BEB94F20052A275 /* Frameworks */ = {
			isa = PBXFrameworksBuildPhase;
			buildActionMask = 2147483647;
			files = (
			);
			runOnlyForDeploymentPostprocessing = 0;
		};
		955B4F862BEB94F50052A275 /* Frameworks */ = {
			isa = PBXFrameworksBuildPhase;
			buildActionMask = 2147483647;
			files = (
			);
			runOnlyForDeploymentPostprocessing = 0;
		};
		955B4F902BEB94F50052A275 /* Frameworks */ = {
			isa = PBXFrameworksBuildPhase;
			buildActionMask = 2147483647;
			files = (
			);
			runOnlyForDeploymentPostprocessing = 0;
		};
/* End PBXFrameworksBuildPhase section */

/* Begin PBXGroup section */
		955B4F702BEB94F20052A275 = {
			isa = PBXGroup;
			children = (
				955B4F7B2BEB94F20052A275 /* CardView */,
				955B4F8C2BEB94F50052A275 /* CardViewTests */,
				955B4F962BEB94F50052A275 /* CardViewUITests */,
				955B4F7A2BEB94F20052A275 /* Products */,
			);
			sourceTree = "<group>";
		};
		955B4F7A2BEB94F20052A275 /* Products */ = {
			isa = PBXGroup;
			children = (
				955B4F792BEB94F20052A275 /* CardView.app */,
				955B4F892BEB94F50052A275 /* CardViewTests.xctest */,
				955B4F932BEB94F50052A275 /* CardViewUITests.xctest */,
			);
			name = Products;
			sourceTree = "<group>";
		};
		955B4F7B2BEB94F20052A275 /* CardView */ = {
			isa = PBXGroup;
			children = (
				955B4F7C2BEB94F20052A275 /* CardViewApp.swift */,
				955B4F7E2BEB94F20052A275 /* CardView.swift */,
				955B4F802BEB94F40052A275 /* Assets.xcassets */,
				955B4F822BEB94F40052A275 /* Preview Content */,
			);
			path = CardView;
			sourceTree = "<group>";
		};
		955B4F822BEB94F40052A275 /* Preview Content */ = {
			isa = PBXGroup;
			children = (
				955B4F832BEB94F40052A275 /* Preview Assets.xcassets */,
			);
			path = "Preview Content";
			sourceTree = "<group>";
		};
		955B4F8C2BEB94F50052A275 /* CardViewTests */ = {
			isa = PBXGroup;
			children = (
				955B4F8D2BEB94F50052A275 /* CardViewTests.swift */,
			);
			path = CardViewTests;
			sourceTree = "<group>";
		};
		955B4F962BEB94F50052A275 /* CardViewUITests */ = {
			isa = PBXGroup;
			children = (
				955B4F972BEB94F50052A275 /* CardViewUITests.swift */,
				955B4F992BEB94F50052A275 /* CardViewUITestsLaunchTests.swift */,
			);
			path = CardViewUITests;
			sourceTree = "<group>";
		};
/* End PBXGroup section */

/* Begin PBXNativeTarget section */
		955B4F782BEB94F20052A275 /* CardView */ = {
			isa = PBXNativeTarget;
			buildConfigurationList = 955B4F9D2BEB94F50052A275 /* Build configuration list for PBXNativeTarget "CardView" */;
			buildPhases = (
				955B4F752BEB94F20052A275 /* Sources */,
				955B4F762BEB94F20052A275 /* Frameworks */,
				955B4F772BEB94F20052A275 /* Resources */,
			);
			buildRules = (
			);
			dependencies = (
			);
			name = CardView;
			productName = CardView;
			productReference = 955B4F792BEB94F20052A275 /* CardView.app */;
			productType = "com.apple.product-type.application";
		};
		955B4F882BEB94F50052A275 /* CardViewTests */ = {
			isa = PBXNativeTarget;
			buildConfigurationList = 955B4FA02BEB94F50052A275 /* Build configuration list for PBXNativeTarget "CardViewTests" */;
			buildPhases = (
				955B4F852BEB94F50052A275 /* Sources */,
				955B4F862BEB94F50052A275 /* Frameworks */,
				955B4F872BEB94F50052A275 /* Resources */,
			);
			buildRules = (
			);
			dependencies = (
				955B4F8B2BEB94F50052A275 /* PBXTargetDependency */,
			);
			name = CardViewTests;
			productName = CardViewTests;
			productReference = 955B4F892BEB94F50052A275 /* CardViewTests.xctest */;
			productType = "com.apple.product-type.bundle.unit-test";
		};
		955B4F922BEB94F50052A275 /* CardViewUITests */ = {
			isa = PBXNativeTarget;
			buildConfigurationList = 955B4FA32BEB94F50052A275 /* Build configuration list for PBXNativeTarget "CardViewUITests" */;
			buildPhases = (
				955B4F8F2BEB94F50052A275 /* Sources */,
				955B4F902BEB94F50052A275 /* Frameworks */,
				955B4F912BEB94F50052A275 /* Resources */,
			);
			buildRules = (
			);
			dependencies = (
				955B4F952BEB94F50052A275 /* PBXTargetDependency */,
			);
			name = CardViewUITests;
			productName = CardViewUITests;
			productReference = 955B4F932BEB94F50052A275 /* CardViewUITests.xctest */;
			productType = "com.apple.product-type.bundle.ui-testing";
		};
/* End PBXNativeTarget section */

/* Begin PBXProject section */
		955B4F712BEB94F20052A275 /* Project object */ = {
			isa = PBXProject;
			attributes = {
				BuildIndependentTargetsInParallel = 1;
				LastSwiftUpdateCheck = 1520;
				LastUpgradeCheck = 1520;
				TargetAttributes = {
					955B4F782BEB94F20052A275 = {
						CreatedOnToolsVersion = 15.2;
					};
					955B4F882BEB94F50052A275 = {
						CreatedOnToolsVersion = 15.2;
						TestTargetID = 955B4F782BEB94F20052A275;
					};
					955B4F922BEB94F50052A275 = {
						CreatedOnToolsVersion = 15.2;
						TestTargetID = 955B4F782BEB94F20052A275;
					};
				};
			};
			buildConfigurationList = 955B4F742BEB94F20052A275 /* Build configuration list for PBXProject "CardView" */;
			compatibilityVersion = "Xcode 14.0";
			developmentRegion = en;
			hasScannedForEncodings = 0;
			knownRegions = (
				en,
				Base,
			);
			mainGroup = 955B4F702BEB94F20052A275;
			productRefGroup = 955B4F7A2BEB94F20052A275 /* Products */;
			projectDirPath = "";
			projectRoot = "";
			targets = (
				955B4F782BEB94F20052A275 /* CardView */,
				955B4F882BEB94F50052A275 /* CardViewTests */,
				955B4F922BEB94F50052A275 /* CardViewUITests */,
			);
		};
/* End PBXProject section */

/* Begin PBXResourcesBuildPhase section */
		955B4F772BEB94F20052A275 /* Resources */ = {
			isa = PBXResourcesBuildPhase;
			buildActionMask = 2147483647;
			files = (
				955B4F842BEB94F40052A275 /* Preview Assets.xcassets in Resources */,
				955B4F812BEB94F40052A275 /* Assets.xcassets in Resources */,
			);
			runOnlyForDeploymentPostprocessing = 0;
		};
		955B4F872BEB94F50052A275 /* Resources */ = {
			isa = PBXResourcesBuildPhase;
			buildActionMask = 2147483647;
			files = (
			);
			runOnlyForDeploymentPostprocessing = 0;
		};
		955B4F912BEB94F50052A275 /* Resources */ = {
			isa = PBXResourcesBuildPhase;
			buildActionMask = 2147483647;
			files = (
			);
			runOnlyForDeploymentPostprocessing = 0;
		};
/* End PBXResourcesBuildPhase section */

/* Begin PBXSourcesBuildPhase section */
		955B4F752BEB94F20052A275 /* Sources */ = {
			isa = PBXSourcesBuildPhase;
			buildActionMask = 2147483647;
			files = (
				955B4F7F2BEB94F20052A275 /* CardView.swift in Sources */,
				955B4F7D2BEB94F20052A275 /* CardViewApp.swift in Sources */,
			);
			runOnlyForDeploymentPostprocessing = 0;
		};
		955B4F852BEB94F50052A275 /* Sources */ = {
			isa = PBXSourcesBuildPhase;
			buildActionMask = 2147483647;
			files = (
				955B4F8E2BEB94F50052A275 /* CardViewTests.swift in Sources */,
			);
			runOnlyForDeploymentPostprocessing = 0;
		};
		955B4F8F2BEB94F50052A275 /* Sources */ = {
			isa = PBXSourcesBuildPhase;
			buildActionMask = 2147483647;
			files = (
				955B4F9A2BEB94F50052A275 /* CardViewUITestsLaunchTests.swift in Sources */,
				955B4F982BEB94F50052A275 /* CardViewUITests.swift in Sources */,
			);
			runOnlyForDeploymentPostprocessing = 0;
		};
/* End PBXSourcesBuildPhase section */

/* Begin PBXTargetDependency section */
		955B4F8B2BEB94F50052A275 /* PBXTargetDependency */ = {
			isa = PBXTargetDependency;
			target = 955B4F782BEB94F20052A275 /* CardView */;
			targetProxy = 955B4F8A2BEB94F50052A275 /* PBXContainerItemProxy */;
		};
		955B4F952BEB94F50052A275 /* PBXTargetDependency */ = {
			isa = PBXTargetDependency;
			target = 955B4F782BEB94F20052A275 /* CardView */;
			targetProxy = 955B4F942BEB94F50052A275 /* PBXContainerItemProxy */;
		};
/* End PBXTargetDependency section */

/* Begin XCBuildConfiguration section */
		955B4F9B2BEB94F50052A275 /* Debug */ = {
			isa = XCBuildConfiguration;
			buildSettings = {
				ALWAYS_SEARCH_USER_PATHS = NO;
				ASSETCATALOG_COMPILER_GENERATE_SWIFT_ASSET_SYMBOL_EXTENSIONS = YES;
				CLANG_ANALYZER_NONNULL = YES;
				CLANG_ANALYZER_NUMBER_OBJECT_CONVERSION = YES_AGGRESSIVE;
				CLANG_CXX_LANGUAGE_STANDARD = "gnu++20";
				CLANG_ENABLE_MODULES = YES;
				CLANG_ENABLE_OBJC_ARC = YES;
				CLANG_ENABLE_OBJC_WEAK = YES;
				CLANG_WARN_BLOCK_CAPTURE_AUTORELEASING = YES;
				CLANG_WARN_BOOL_CONVERSION = YES;
				CLANG_WARN_COMMA = YES;
				CLANG_WARN_CONSTANT_CONVERSION = YES;
				CLANG_WARN_DEPRECATED_OBJC_IMPLEMENTATIONS = YES;
				CLANG_WARN_DIRECT_OBJC_ISA_USAGE = YES_ERROR;
				CLANG_WARN_DOCUMENTATION_COMMENTS = YES;
				CLANG_WARN_EMPTY_BODY = YES;
				CLANG_WARN_ENUM_CONVERSION = YES;
				CLANG_WARN_INFINITE_RECURSION = YES;
				CLANG_WARN_INT_CONVERSION = YES;
				CLANG_WARN_NON_LITERAL_NULL_CONVERSION = YES;
				CLANG_WARN_OBJC_IMPLICIT_RETAIN_SELF = YES;
				CLANG_WARN_OBJC_LITERAL_CONVERSION = YES;
				CLANG_WARN_OBJC_ROOT_CLASS = YES_ERROR;
				CLANG_WARN_QUOTED_INCLUDE_IN_FRAMEWORK_HEADER = YES;
				CLANG_WARN_RANGE_LOOP_ANALYSIS = YES;
				CLANG_WARN_STRICT_PROTOTYPES = YES;
				CLANG_WARN_SUSPICIOUS_MOVE = YES;
				CLANG_WARN_UNGUARDED_AVAILABILITY = YES_AGGRESSIVE;
				CLANG_WARN_UNREACHABLE_CODE = YES;
				CLANG_WARN__DUPLICATE_METHOD_MATCH = YES;
				COPY_PHASE_STRIP = NO;
				DEBUG_INFORMATION_FORMAT = dwarf;
				ENABLE_STRICT_OBJC_MSGSEND = YES;
				ENABLE_TESTABILITY = YES;
				ENABLE_USER_SCRIPT_SANDBOXING = YES;
				GCC_C_LANGUAGE_STANDARD = gnu17;
				GCC_DYNAMIC_NO_PIC = NO;
				GCC_NO_COMMON_BLOCKS = YES;
				GCC_OPTIMIZATION_LEVEL = 0;
				GCC_PREPROCESSOR_DEFINITIONS = (
					"DEBUG=1",
					"$(inherited)",
				);
				GCC_WARN_64_TO_32_BIT_CONVERSION = YES;
				GCC_WARN_ABOUT_RETURN_TYPE = YES_ERROR;
				GCC_WARN_UNDECLARED_SELECTOR = YES;
				GCC_WARN_UNINITIALIZED_AUTOS = YES_AGGRESSIVE;
				GCC_WARN_UNUSED_FUNCTION = YES;
				GCC_WARN_UNUSED_VARIABLE = YES;
				IPHONEOS_DEPLOYMENT_TARGET = 17.2;
				LOCALIZATION_PREFERS_STRING_CATALOGS = YES;
				MTL_ENABLE_DEBUG_INFO = INCLUDE_SOURCE;
				MTL_FAST_MATH = YES;
				ONLY_ACTIVE_ARCH = YES;
				SDKROOT = iphoneos;
				SWIFT_ACTIVE_COMPILATION_CONDITIONS = "DEBUG $(inherited)";
				SWIFT_OPTIMIZATION_LEVEL = "-Onone";
			};
			name = Debug;
		};
		955B4F9C2BEB94F50052A275 /* Release */ = {
			isa = XCBuildConfiguration;
			buildSettings = {
				ALWAYS_SEARCH_USER_PATHS = NO;
				ASSETCATALOG_COMPILER_GENERATE_SWIFT_ASSET_SYMBOL_EXTENSIONS = YES;
				CLANG_ANALYZER_NONNULL = YES;
				CLANG_ANALYZER_NUMBER_OBJECT_CONVERSION = YES_AGGRESSIVE;
				CLANG_CXX_LANGUAGE_STANDARD = "gnu++20";
				CLANG_ENABLE_MODULES = YES;
				CLANG_ENABLE_OBJC_ARC = YES;
				CLANG_ENABLE_OBJC_WEAK = YES;
				CLANG_WARN_BLOCK_CAPTURE_AUTORELEASING = YES;
				CLANG_WARN_BOOL_CONVERSION = YES;
				CLANG_WARN_COMMA = YES;
				CLANG_WARN_CONSTANT_CONVERSION = YES;
				CLANG_WARN_DEPRECATED_OBJC_IMPLEMENTATIONS = YES;
				CLANG_WARN_DIRECT_OBJC_ISA_USAGE = YES_ERROR;
				CLANG_WARN_DOCUMENTATION_COMMENTS = YES;
				CLANG_WARN_EMPTY_BODY = YES;
				CLANG_WARN_ENUM_CONVERSION = YES;
				CLANG_WARN_INFINITE_RECURSION = YES;
				CLANG_WARN_INT_CONVERSION = YES;
				CLANG_WARN_NON_LITERAL_NULL_CONVERSION = YES;
				CLANG_WARN_OBJC_IMPLICIT_RETAIN_SELF = YES;
				CLANG_WARN_OBJC_LITERAL_CONVERSION = YES;
				CLANG_WARN_OBJC_ROOT_CLASS = YES_ERROR;
				CLANG_WARN_QUOTED_INCLUDE_IN_FRAMEWORK_HEADER = YES;
				CLANG_WARN_RANGE_LOOP_ANALYSIS = YES;
				CLANG_WARN_STRICT_PROTOTYPES = YES;
				CLANG_WARN_SUSPICIOUS_MOVE = YES;
				CLANG_WARN_UNGUARDED_AVAILABILITY = YES_AGGRESSIVE;
				CLANG_WARN_UNREACHABLE_CODE = YES;
				CLANG_WARN__DUPLICATE_METHOD_MATCH = YES;
				COPY_PHASE_STRIP = NO;
				DEBUG_INFORMATION_FORMAT = "dwarf-with-dsym";
				ENABLE_NS_ASSERTIONS = NO;
				ENABLE_STRICT_OBJC_MSGSEND = YES;
				ENABLE_USER_SCRIPT_SANDBOXING = YES;
				GCC_C_LANGUAGE_STANDARD = gnu17;
				GCC_NO_COMMON_BLOCKS = YES;
				GCC_WARN_64_TO_32_BIT_CONVERSION = YES;
				GCC_WARN_ABOUT_RETURN_TYPE = YES_ERROR;
				GCC_WARN_UNDECLARED_SELECTOR = YES;
				GCC_WARN_UNINITIALIZED_AUTOS = YES_AGGRESSIVE;
				GCC_WARN_UNUSED_FUNCTION = YES;
				GCC_WARN_UNUSED_VARIABLE = YES;
				IPHONEOS_DEPLOYMENT_TARGET = 17.2;
				LOCALIZATION_PREFERS_STRING_CATALOGS = YES;
				MTL_ENABLE_DEBUG_INFO = NO;
				MTL_FAST_MATH = YES;
				SDKROOT = iphoneos;
				SWIFT_COMPILATION_MODE = wholemodule;
				VALIDATE_PRODUCT = YES;
			};
			name = Release;
		};
		955B4F9E2BEB94F50052A275 /* Debug */ = {
			isa = XCBuildConfiguration;
			buildSettings = {
				ASSETCATALOG_COMPILER_APPICON_NAME = AppIcon;
				ASSETCATALOG_COMPILER_GLOBAL_ACCENT_COLOR_NAME = AccentColor;
				CODE_SIGN_STYLE = Automatic;
				CURRENT_PROJECT_VERSION = 1;
				DEVELOPMENT_ASSET_PATHS = "\"CardView/Preview Content\"";
				ENABLE_PREVIEWS = YES;
				GENERATE_INFOPLIST_FILE = YES;
				INFOPLIST_KEY_UIApplicationSceneManifest_Generation = YES;
				INFOPLIST_KEY_UIApplicationSupportsIndirectInputEvents = YES;
				INFOPLIST_KEY_UILaunchScreen_Generation = YES;
				INFOPLIST_KEY_UISupportedInterfaceOrientations_iPad = "UIInterfaceOrientationPortrait UIInterfaceOrientationPortraitUpsideDown UIInterfaceOrientationLandscapeLeft UIInterfaceOrientationLandscapeRight";
				INFOPLIST_KEY_UISupportedInterfaceOrientations_iPhone = "UIInterfaceOrientationPortrait UIInterfaceOrientationLandscapeLeft UIInterfaceOrientationLandscapeRight";
				LD_RUNPATH_SEARCH_PATHS = (
					"$(inherited)",
					"@executable_path/Frameworks",
				);
				MARKETING_VERSION = 1.0;
				PRODUCT_BUNDLE_IDENTIFIER = KLM.CardView;
				PRODUCT_NAME = "$(TARGET_NAME)";
				SWIFT_EMIT_LOC_STRINGS = YES;
				SWIFT_VERSION = 5.0;
				TARGETED_DEVICE_FAMILY = "1,2";
			};
			name = Debug;
		};
		955B4F9F2BEB94F50052A275 /* Release */ = {
			isa = XCBuildConfiguration;
			buildSettings = {
				ASSETCATALOG_COMPILER_APPICON_NAME = AppIcon;
				ASSETCATALOG_COMPILER_GLOBAL_ACCENT_COLOR_NAME = AccentColor;
				CODE_SIGN_STYLE = Automatic;
				CURRENT_PROJECT_VERSION = 1;
				DEVELOPMENT_ASSET_PATHS = "\"CardView/Preview Content\"";
				ENABLE_PREVIEWS = YES;
				GENERATE_INFOPLIST_FILE = YES;
				INFOPLIST_KEY_UIApplicationSceneManifest_Generation = YES;
				INFOPLIST_KEY_UIApplicationSupportsIndirectInputEvents = YES;
				INFOPLIST_KEY_UILaunchScreen_Generation = YES;
				INFOPLIST_KEY_UISupportedInterfaceOrientations_iPad = "UIInterfaceOrientationPortrait UIInterfaceOrientationPortraitUpsideDown UIInterfaceOrientationLandscapeLeft UIInterfaceOrientationLandscapeRight";
				INFOPLIST_KEY_UISupportedInterfaceOrientations_iPhone = "UIInterfaceOrientationPortrait UIInterfaceOrientationLandscapeLeft UIInterfaceOrientationLandscapeRight";
				LD_RUNPATH_SEARCH_PATHS = (
					"$(inherited)",
					"@executable_path/Frameworks",
				);
				MARKETING_VERSION = 1.0;
				PRODUCT_BUNDLE_IDENTIFIER = KLM.CardView;
				PRODUCT_NAME = "$(TARGET_NAME)";
				SWIFT_EMIT_LOC_STRINGS = YES;
				SWIFT_VERSION = 5.0;
				TARGETED_DEVICE_FAMILY = "1,2";
			};
			name = Release;
		};
		955B4FA12BEB94F50052A275 /* Debug */ = {
			isa = XCBuildConfiguration;
			buildSettings = {
				ALWAYS_EMBED_SWIFT_STANDARD_LIBRARIES = YES;
				BUNDLE_LOADER = "$(TEST_HOST)";
				CODE_SIGN_STYLE = Automatic;
				CURRENT_PROJECT_VERSION = 1;
				GENERATE_INFOPLIST_FILE = YES;
				IPHONEOS_DEPLOYMENT_TARGET = 17.2;
				MARKETING_VERSION = 1.0;
				PRODUCT_BUNDLE_IDENTIFIER = KLM.CardViewTests;
				PRODUCT_NAME = "$(TARGET_NAME)";
				SWIFT_EMIT_LOC_STRINGS = NO;
				SWIFT_VERSION = 5.0;
				TARGETED_DEVICE_FAMILY = "1,2";
				TEST_HOST = "$(BUILT_PRODUCTS_DIR)/CardView.app/$(BUNDLE_EXECUTABLE_FOLDER_PATH)/CardView";
			};
			name = Debug;
		};
		955B4FA22BEB94F50052A275 /* Release */ = {
			isa = XCBuildConfiguration;
			buildSettings = {
				ALWAYS_EMBED_SWIFT_STANDARD_LIBRARIES = YES;
				BUNDLE_LOADER = "$(TEST_HOST)";
				CODE_SIGN_STYLE = Automatic;
				CURRENT_PROJECT_VERSION = 1;
				GENERATE_INFOPLIST_FILE = YES;
				IPHONEOS_DEPLOYMENT_TARGET = 17.2;
				MARKETING_VERSION = 1.0;
				PRODUCT_BUNDLE_IDENTIFIER = KLM.CardViewTests;
				PRODUCT_NAME = "$(TARGET_NAME)";
				SWIFT_EMIT_LOC_STRINGS = NO;
				SWIFT_VERSION = 5.0;
				TARGETED_DEVICE_FAMILY = "1,2";
				TEST_HOST = "$(BUILT_PRODUCTS_DIR)/CardView.app/$(BUNDLE_EXECUTABLE_FOLDER_PATH)/CardView";
			};
			name = Release;
		};
		955B4FA42BEB94F50052A275 /* Debug */ = {
			isa = XCBuildConfiguration;
			buildSettings = {
				ALWAYS_EMBED_SWIFT_STANDARD_LIBRARIES = YES;
				CODE_SIGN_STYLE = Automatic;
				CURRENT_PROJECT_VERSION = 1;
				GENERATE_INFOPLIST_FILE = YES;
				MARKETING_VERSION = 1.0;
				PRODUCT_BUNDLE_IDENTIFIER = KLM.CardViewUITests;
				PRODUCT_NAME = "$(TARGET_NAME)";
				SWIFT_EMIT_LOC_STRINGS = NO;
				SWIFT_VERSION = 5.0;
				TARGETED_DEVICE_FAMILY = "1,2";
				TEST_TARGET_NAME = CardView;
			};
			name = Debug;
		};
		955B4FA52BEB94F50052A275 /* Release */ = {
			isa = XCBuildConfiguration;
			buildSettings = {
				ALWAYS_EMBED_SWIFT_STANDARD_LIBRARIES = YES;
				CODE_SIGN_STYLE = Automatic;
				CURRENT_PROJECT_VERSION = 1;
				GENERATE_INFOPLIST_FILE = YES;
				MARKETING_VERSION = 1.0;
				PRODUCT_BUNDLE_IDENTIFIER = KLM.CardViewUITests;
				PRODUCT_NAME = "$(TARGET_NAME)";
				SWIFT_EMIT_LOC_STRINGS = NO;
				SWIFT_VERSION = 5.0;
				TARGETED_DEVICE_FAMILY = "1,2";
				TEST_TARGET_NAME = CardView;
			};
			name = Release;
		};
/* End XCBuildConfiguration section */

/* Begin XCConfigurationList section */
		955B4F742BEB94F20052A275 /* Build configuration list for PBXProject "CardView" */ = {
			isa = XCConfigurationList;
			buildConfigurations = (
				955B4F9B2BEB94F50052A275 /* Debug */,
				955B4F9C2BEB94F50052A275 /* Release */,
			);
			defaultConfigurationIsVisible = 0;
			defaultConfigurationName = Release;
		};
		955B4F9D2BEB94F50052A275 /* Build configuration list for PBXNativeTarget "CardView" */ = {
			isa = XCConfigurationList;
			buildConfigurations = (
				955B4F9E2BEB94F50052A275 /* Debug */,
				955B4F9F2BEB94F50052A275 /* Release */,
			);
			defaultConfigurationIsVisible = 0;
			defaultConfigurationName = Release;
		};
		955B4FA02BEB94F50052A275 /* Build configuration list for PBXNativeTarget "CardViewTests" */ = {
			isa = XCConfigurationList;
			buildConfigurations = (
				955B4FA12BEB94F50052A275 /* Debug */,
				955B4FA22BEB94F50052A275 /* Release */,
			);
			defaultConfigurationIsVisible = 0;
			defaultConfigurationName = Release;
		};
		955B4FA32BEB94F50052A275 /* Build configuration list for PBXNativeTarget "CardViewUITests" */ = {
			isa = XCConfigurationList;
			buildConfigurations = (
				955B4FA42BEB94F50052A275 /* Debug */,
				955B4FA52BEB94F50052A275 /* Release */,
			);
			defaultConfigurationIsVisible = 0;
			defaultConfigurationName = Release;
		};
/* End XCConfigurationList section */
	};
	rootObject = 955B4F712BEB94F20052A275 /* Project object */;
}
